// !$*UTF8*$!
{
	archiveVersion = 1;
	classes = {
	};
	objectVersion = 46;
	objects = {

/* Begin PBXBuildFile section */
		D9FF5E451DFD246F00E14F6F /* Driver.cpp in Sources */ = {isa = PBXBuildFile; fileRef = D9FF5E411DFD246F00E14F6F /* Driver.cpp */; };
		D9FF5E461DFD246F00E14F6F /* CircularLinkedList.cpp in Sources */ = {isa = PBXBuildFile; fileRef = D9FF5E421DFD246F00E14F6F /* CircularLinkedList.cpp */; };
/* End PBXBuildFile section */

/* Begin PBXCopyFilesBuildPhase section */
		D9FF5E311DFD244700E14F6F /* CopyFiles */ = {
			isa = PBXCopyFilesBuildPhase;
			buildActionMask = 2147483647;
			dstPath = /usr/share/man/man1/;
			dstSubfolderSpec = 0;
			files = (
			);
			runOnlyForDeploymentPostprocessing = 1;
		};
/* End PBXCopyFilesBuildPhase section */

/* Begin PBXFileReference section */
		D9FF5E331DFD244700E14F6F /* Kernel Simulator */ = {isa = PBXFileReference; explicitFileType = "compiled.mach-o.executable"; includeInIndex = 0; path = "Kernel Simulator"; sourceTree = BUILT_PRODUCTS_DIR; };
		D9FF5E3D1DFD246F00E14F6F /* Simulation-Data-2.txt */ = {isa = PBXFileReference; fileEncoding = 4; lastKnownFileType = text; path = "Simulation-Data-2.txt"; sourceTree = "<group>"; };
		D9FF5E3E1DFD246F00E14F6F /* MyThreads.h */ = {isa = PBXFileReference; fileEncoding = 4; lastKnownFileType = sourcecode.c.h; path = MyThreads.h; sourceTree = "<group>"; };
		D9FF5E3F1DFD246F00E14F6F /* Simulation-data-1.txt */ = {isa = PBXFileReference; fileEncoding = 4; lastKnownFileType = text; path = "Simulation-data-1.txt"; sourceTree = "<group>"; };
		D9FF5E401DFD246F00E14F6F /* ScheduleManager.h */ = {isa = PBXFileReference; fileEncoding = 4; lastKnownFileType = sourcecode.c.h; path = ScheduleManager.h; sourceTree = "<group>"; };
		D9FF5E411DFD246F00E14F6F /* Driver.cpp */ = {isa = PBXFileReference; fileEncoding = 4; lastKnownFileType = sourcecode.cpp.cpp; path = Driver.cpp; sourceTree = "<group>"; };
		D9FF5E421DFD246F00E14F6F /* CircularLinkedList.cpp */ = {isa = PBXFileReference; fileEncoding = 4; lastKnownFileType = sourcecode.cpp.cpp; path = CircularLinkedList.cpp; sourceTree = "<group>"; };
		D9FF5E431DFD246F00E14F6F /* CircularLinkedList.hpp */ = {isa = PBXFileReference; fileEncoding = 4; lastKnownFileType = sourcecode.cpp.h; path = CircularLinkedList.hpp; sourceTree = "<group>"; };
		D9FF5E441DFD246F00E14F6F /* PCB.hpp */ = {isa = PBXFileReference; fileEncoding = 4; lastKnownFileType = sourcecode.cpp.h; path = PCB.hpp; sourceTree = "<group>"; };
/* End PBXFileReference section */

/* Begin PBXFrameworksBuildPhase section */
		D9FF5E301DFD244700E14F6F /* Frameworks */ = {
			isa = PBXFrameworksBuildPhase;
			buildActionMask = 2147483647;
			files = (
			);
			runOnlyForDeploymentPostprocessing = 0;
		};
/* End PBXFrameworksBuildPhase section */

/* Begin PBXGroup section */
		D9FF5E2A1DFD244700E14F6F = {
			isa = PBXGroup;
			children = (
				D9FF5E351DFD244700E14F6F /* Kernel Simulator */,
				D9FF5E341DFD244700E14F6F /* Products */,
			);
			sourceTree = "<group>";
		};
		D9FF5E341DFD244700E14F6F /* Products */ = {
			isa = PBXGroup;
			children = (
				D9FF5E331DFD244700E14F6F /* Kernel Simulator */,
			);
			name = Products;
			sourceTree = "<group>";
		};
		D9FF5E351DFD244700E14F6F /* Kernel Simulator */ = {
			isa = PBXGroup;
			children = (
				D9FF5E3D1DFD246F00E14F6F /* Simulation-Data-2.txt */,
				D9FF5E3E1DFD246F00E14F6F /* MyThreads.h */,
				D9FF5E3F1DFD246F00E14F6F /* Simulation-data-1.txt */,
				D9FF5E401DFD246F00E14F6F /* ScheduleManager.h */,
				D9FF5E411DFD246F00E14F6F /* Driver.cpp */,
				D9FF5E421DFD246F00E14F6F /* CircularLinkedList.cpp */,
				D9FF5E431DFD246F00E14F6F /* CircularLinkedList.hpp */,
				D9FF5E441DFD246F00E14F6F /* PCB.hpp */,
			);
			path = "Kernel Simulator";
			sourceTree = "<group>";
		};
/* End PBXGroup section */

/* Begin PBXNativeTarget section */
		D9FF5E321DFD244700E14F6F /* Kernel Simulator */ = {
			isa = PBXNativeTarget;
			buildConfigurationList = D9FF5E3A1DFD244700E14F6F /* Build configuration list for PBXNativeTarget "Kernel Simulator" */;
			buildPhases = (
				D9FF5E2F1DFD244700E14F6F /* Sources */,
				D9FF5E301DFD244700E14F6F /* Frameworks */,
				D9FF5E311DFD244700E14F6F /* CopyFiles */,
			);
			buildRules = (
			);
			dependencies = (
			);
			name = "Kernel Simulator";
			productName = "Kernel Simulator";
			productReference = D9FF5E331DFD244700E14F6F /* Kernel Simulator */;
			productType = "com.apple.product-type.tool";
		};
/* End PBXNativeTarget section */

/* Begin PBXProject section */
		D9FF5E2B1DFD244700E14F6F /* Project object */ = {
			isa = PBXProject;
			attributes = {
				LastUpgradeCheck = 0810;
				ORGANIZATIONNAME = "Nate Henderson";
				TargetAttributes = {
					D9FF5E321DFD244700E14F6F = {
						CreatedOnToolsVersion = 8.1;
						ProvisioningStyle = Automatic;
					};
				};
			};
			buildConfigurationList = D9FF5E2E1DFD244700E14F6F /* Build configuration list for PBXProject "Kernel Simulator" */;
			compatibilityVersion = "Xcode 3.2";
			developmentRegion = English;
			hasScannedForEncodings = 0;
			knownRegions = (
				en,
			);
			mainGroup = D9FF5E2A1DFD244700E14F6F;
			productRefGroup = D9FF5E341DFD244700E14F6F /* Products */;
			projectDirPath = "";
			projectRoot = "";
			targets = (
				D9FF5E321DFD244700E14F6F /* Kernel Simulator */,
			);
		};
/* End PBXProject section */

/* Begin PBXSourcesBuildPhase section */
		D9FF5E2F1DFD244700E14F6F /* Sources */ = {
			isa = PBXSourcesBuildPhase;
			buildActionMask = 2147483647;
			files = (
				D9FF5E461DFD246F00E14F6F /* CircularLinkedList.cpp in Sources */,
				D9FF5E451DFD246F00E14F6F /* Driver.cpp in Sources */,
			);
			runOnlyForDeploymentPostprocessing = 0;
		};
/* End PBXSourcesBuildPhase section */

/* Begin XCBuildConfiguration section */
		D9FF5E381DFD244700E14F6F /* Debug */ = {
			isa = XCBuildConfiguration;
			buildSettings = {
				ALWAYS_SEARCH_USER_PATHS = NO;
				CLANG_ANALYZER_NONNULL = YES;
				CLANG_CXX_LANGUAGE_STANDARD = "gnu++0x";
				CLANG_CXX_LIBRARY = "libc++";
				CLANG_ENABLE_MODULES = YES;
				CLANG_ENABLE_OBJC_ARC = YES;
				CLANG_WARN_BOOL_CONVERSION = YES;
				CLANG_WARN_CONSTANT_CONVERSION = YES;
				CLANG_WARN_DIRECT_OBJC_ISA_USAGE = YES_ERROR;
				CLANG_WARN_DOCUMENTATION_COMMENTS = YES;
				CLANG_WARN_EMPTY_BODY = YES;
				CLANG_WARN_ENUM_CONVERSION = YES;
				CLANG_WARN_INFINITE_RECURSION = YES;
				CLANG_WARN_INT_CONVERSION = YES;
				CLANG_WARN_OBJC_ROOT_CLASS = YES_ERROR;
				CLANG_WARN_SUSPICIOUS_MOVES = YES;
				CLANG_WARN_UNREACHABLE_CODE = YES;
				CLANG_WARN__DUPLICATE_METHOD_MATCH = YES;
				CODE_SIGN_IDENTITY = "-";
				COPY_PHASE_STRIP = NO;
				DEBUG_INFORMATION_FORMAT = dwarf;
				ENABLE_STRICT_OBJC_MSGSEND = YES;
				ENABLE_TESTABILITY = YES;
				GCC_C_LANGUAGE_STANDARD = gnu99;
				GCC_DYNAMIC_NO_PIC = NO;
				GCC_NO_COMMON_BLOCKS = YES;
				GCC_OPTIMIZATION_LEVEL = 0;
				GCC_PREPROCESSOR_DEFINITIONS = (
					"DEBUG=1",
					"$(inherited)",
				);
				GCC_WARN_64_TO_32_BIT_CONVERSION = YES;
				GCC_WARN_ABOUT_RETURN_TYPE = YES_ERROR;
				GCC_WARN_UNDECLARED_SELECTOR = YES;
				GCC_WARN_UNINITIALIZED_AUTOS = YES_AGGRESSIVE;
				GCC_WARN_UNUSED_FUNCTION = YES;
				GCC_WARN_UNUSED_VARIABLE = YES;
				MACOSX_DEPLOYMENT_TARGET = 10.12;
				MTL_ENABLE_DEBUG_INFO = YES;
				ONLY_ACTIVE_ARCH = YES;
				SDKROOT = macosx;
			};
			name = Debug;
		};
		D9FF5E391DFD244700E14F6F /* Release */ = {
			isa = XCBuildConfiguration;
			buildSettings = {
				ALWAYS_SEARCH_USER_PATHS = NO;
				CLANG_ANALYZER_NONNULL = YES;
				CLANG_CXX_LANGUAGE_STANDARD = "gnu++0x";
				CLANG_CXX_LIBRARY = "libc++";
				CLANG_ENABLE_MODULES = YES;
				CLANG_ENABLE_OBJC_ARC = YES;
				CLANG_WARN_BOOL_CONVERSION = YES;
				CLANG_WARN_CONSTANT_CONVERSION = YES;
				CLANG_WARN_DIRECT_OBJC_ISA_USAGE = YES_ERROR;
				CLANG_WARN_DOCUMENTATION_COMMENTS = YES;
				CLANG_WARN_EMPTY_BODY = YES;
				CLANG_WARN_ENUM_CONVERSION = YES;
				CLANG_WARN_INFINITE_RECURSION = YES;
				CLANG_WARN_INT_CONVERSION = YES;
				CLANG_WARN_OBJC_ROOT_CLASS = YES_ERROR;
				CLANG_WARN_SUSPICIOUS_MOVES = YES;
				CLANG_WARN_UNREACHABLE_CODE = YES;
				CLANG_WARN__DUPLICATE_METHOD_MATCH = YES;
				CODE_SIGN_IDENTITY = "-";
				COPY_PHASE_STRIP = NO;
				DEBUG_INFORMATION_FORMAT = "dwarf-with-dsym";
				ENABLE_NS_ASSERTIONS = NO;
				ENABLE_STRICT_OBJC_MSGSEND = YES;
				GCC_C_LANGUAGE_STANDARD = gnu99;
				GCC_NO_COMMON_BLOCKS = YES;
				GCC_WARN_64_TO_32_BIT_CONVERSION = YES;
				GCC_WARN_ABOUT_RETURN_TYPE = YES_ERROR;
				GCC_WARN_UNDECLARED_SELECTOR = YES;
				GCC_WARN_UNINITIALIZED_AUTOS = YES_AGGRESSIVE;
				GCC_WARN_UNUSED_FUNCTION = YES;
				GCC_WARN_UNUSED_VARIABLE = YES;
				MACOSX_DEPLOYMENT_TARGET = 10.12;
				MTL_ENABLE_DEBUG_INFO = NO;
				SDKROOT = macosx;
			};
			name = Release;
		};
		D9FF5E3B1DFD244700E14F6F /* Debug */ = {
			isa = XCBuildConfiguration;
			buildSettings = {
				PRODUCT_NAME = "$(TARGET_NAME)";
			};
			name = Debug;
		};
		D9FF5E3C1DFD244700E14F6F /* Release */ = {
			isa = XCBuildConfiguration;
			buildSettings = {
				PRODUCT_NAME = "$(TARGET_NAME)";
			};
			name = Release;
		};
/* End XCBuildConfiguration section */

/* Begin XCConfigurationList section */
		D9FF5E2E1DFD244700E14F6F /* Build configuration list for PBXProject "Kernel Simulator" */ = {
			isa = XCConfigurationList;
			buildConfigurations = (
				D9FF5E381DFD244700E14F6F /* Debug */,
				D9FF5E391DFD244700E14F6F /* Release */,
			);
			defaultConfigurationIsVisible = 0;
			defaultConfigurationName = Release;
		};
		D9FF5E3A1DFD244700E14F6F /* Build configuration list for PBXNativeTarget "Kernel Simulator" */ = {
			isa = XCConfigurationList;
			buildConfigurations = (
				D9FF5E3B1DFD244700E14F6F /* Debug */,
				D9FF5E3C1DFD244700E14F6F /* Release */,
			);
			defaultConfigurationIsVisible = 0;
		};
/* End XCConfigurationList section */
	};
	rootObject = D9FF5E2B1DFD244700E14F6F /* Project object */;
}
